{
  "name": "shop",
  "lockfileVersion": 3,
  "requires": true,
  "packages": {
    "": {
      "dependencies": {
        "link": "^2.1.1"
      }
    },
    "node_modules/link": {
      "version": "2.1.1",
      "resolved": "https://registry.npmjs.org/link/-/link-2.1.1.tgz",
      "integrity": "sha512-NV3AUVYBovJ6eVQcTeRoPnZSxzt2LOijNd+ugEZKRy/XeQlpTRhVRkuDv5kOlXwMAUx30vfUc7asRFb9RT65yg==",
      "license": "MIT",
      "bin": {
        "link": "dist/cli.js"
      },
      "funding": {
        "url": "https://github.com/privatenumber/link?sponsor=1"
      }
    }
  }
}
